
Microsoft Visual Studio Solution File, Format Version 12.00
# Visual Studio Version 17
VisualStudioVersion = 17.5.33414.496
MinimumVisualStudioVersion = 10.0.40219.1
Project("{FAE04EC0-301F-11D3-BF4B-00C04F79EFBC}") = "Practising_Authentication", "Practising_Authentication.csproj", "{76D58B6F-853F-4388-963A-848ECEE10F16}"
EndProject
Global
	GlobalSection(SolutionConfigurationPlatforms) = preSolution
		Debug|Any CPU = Debug|Any CPU
		Release|Any CPU = Release|Any CPU
	EndGlobalSection
	GlobalSection(ProjectConfigurationPlatforms) = postSolution
		{76D58B6F-853F-4388-963A-848ECEE10F16}.Debug|Any CPU.ActiveCfg = Debug|Any CPU
		{76D58B6F-853F-4388-963A-848ECEE10F16}.Debug|Any CPU.Build.0 = Debug|Any CPU
		{76D58B6F-853F-4388-963A-848ECEE10F16}.Release|Any CPU.ActiveCfg = Release|Any CPU
		{76D58B6F-853F-4388-963A-848ECEE10F16}.Release|Any CPU.Build.0 = Release|Any CPU
	EndGlobalSection
	GlobalSection(SolutionProperties) = preSolution
		HideSolutionNode = FALSE
	EndGlobalSection
	GlobalSection(ExtensibilityGlobals) = postSolution
		SolutionGuid = {16234022-6835-40D4-BE10-D9C85877CA22}
	EndGlobalSection
EndGlobal
